
Microsoft Visual Studio Solution File, Format Version 12.00
# Visual Studio Version 17
VisualStudioVersion = 17.9.34407.89
MinimumVisualStudioVersion = 10.0.40219.1
Project("{FAE04EC0-301F-11D3-BF4B-00C04F79EFBC}") = "Client", "Client\Client.csproj", "{DC651980-4162-4808-B6E0-23CB92A18497}"
EndProject
Global
	GlobalSection(SolutionConfigurationPlatforms) = preSolution
		Debug|Any CPU = Debug|Any CPU
		Release|Any CPU = Release|Any CPU
	EndGlobalSection
	GlobalSection(ProjectConfigurationPlatforms) = postSolution
		{DC651980-4162-4808-B6E0-23CB92A18497}.Debug|Any CPU.ActiveCfg = Debug|Any CPU
		{DC651980-4162-4808-B6E0-23CB92A18497}.Debug|Any CPU.Build.0 = Debug|Any CPU
		{DC651980-4162-4808-B6E0-23CB92A18497}.Release|Any CPU.ActiveCfg = Release|Any CPU
		{DC651980-4162-4808-B6E0-23CB92A18497}.Release|Any CPU.Build.0 = Release|Any CPU
	EndGlobalSection
	GlobalSection(SolutionProperties) = preSolution
		HideSolutionNode = FALSE
	EndGlobalSection
	GlobalSection(ExtensibilityGlobals) = postSolution
		SolutionGuid = {155D4BC3-5227-4B3A-A752-03EAA08BABA0}
	EndGlobalSection
EndGlobal
