
Microsoft Visual Studio Solution File, Format Version 12.00
# Visual Studio Version 17
VisualStudioVersion = 17.9.34407.89
MinimumVisualStudioVersion = 10.0.40219.1
Project("{9A19103F-16F7-4668-BE54-9A1E7A4F7556}") = "Client", "Client\Client.csproj", "{DC651980-4162-4808-B6E0-23CB92A18497}"
EndProject
Project("{FAE04EC0-301F-11D3-BF4B-00C04F79EFBC}") = "Api", "Api\Api.csproj", "{62DACF72-1EC5-4024-B481-516CE9DBC696}"
EndProject
Project("{FAE04EC0-301F-11D3-BF4B-00C04F79EFBC}") = "Tests", "Tests\Tests.csproj", "{626C2998-32DE-4345-B5A3-6F686E6EC133}"
EndProject
Global
	GlobalSection(SolutionConfigurationPlatforms) = preSolution
		Debug|Any CPU = Debug|Any CPU
		Debug|x64 = Debug|x64
		Debug|x86 = Debug|x86
		Release|Any CPU = Release|Any CPU
		Release|x64 = Release|x64
		Release|x86 = Release|x86
	EndGlobalSection
	GlobalSection(ProjectConfigurationPlatforms) = postSolution
		{DC651980-4162-4808-B6E0-23CB92A18497}.Debug|Any CPU.ActiveCfg = Debug|Any CPU
		{DC651980-4162-4808-B6E0-23CB92A18497}.Debug|Any CPU.Build.0 = Debug|Any CPU
		{DC651980-4162-4808-B6E0-23CB92A18497}.Debug|x64.ActiveCfg = Debug|Any CPU
		{DC651980-4162-4808-B6E0-23CB92A18497}.Debug|x64.Build.0 = Debug|Any CPU
		{DC651980-4162-4808-B6E0-23CB92A18497}.Debug|x86.ActiveCfg = Debug|Any CPU
		{DC651980-4162-4808-B6E0-23CB92A18497}.Debug|x86.Build.0 = Debug|Any CPU
		{DC651980-4162-4808-B6E0-23CB92A18497}.Release|Any CPU.ActiveCfg = Release|Any CPU
		{DC651980-4162-4808-B6E0-23CB92A18497}.Release|Any CPU.Build.0 = Release|Any CPU
		{DC651980-4162-4808-B6E0-23CB92A18497}.Release|x64.ActiveCfg = Release|Any CPU
		{DC651980-4162-4808-B6E0-23CB92A18497}.Release|x64.Build.0 = Release|Any CPU
		{DC651980-4162-4808-B6E0-23CB92A18497}.Release|x86.ActiveCfg = Release|Any CPU
		{DC651980-4162-4808-B6E0-23CB92A18497}.Release|x86.Build.0 = Release|Any CPU
		{62DACF72-1EC5-4024-B481-516CE9DBC696}.Debug|Any CPU.ActiveCfg = Debug|Any CPU
		{62DACF72-1EC5-4024-B481-516CE9DBC696}.Debug|Any CPU.Build.0 = Debug|Any CPU
		{62DACF72-1EC5-4024-B481-516CE9DBC696}.Debug|x64.ActiveCfg = Debug|Any CPU
		{62DACF72-1EC5-4024-B481-516CE9DBC696}.Debug|x64.Build.0 = Debug|Any CPU
		{62DACF72-1EC5-4024-B481-516CE9DBC696}.Debug|x86.ActiveCfg = Debug|Any CPU
		{62DACF72-1EC5-4024-B481-516CE9DBC696}.Debug|x86.Build.0 = Debug|Any CPU
		{62DACF72-1EC5-4024-B481-516CE9DBC696}.Release|Any CPU.ActiveCfg = Release|Any CPU
		{62DACF72-1EC5-4024-B481-516CE9DBC696}.Release|Any CPU.Build.0 = Release|Any CPU
		{62DACF72-1EC5-4024-B481-516CE9DBC696}.Release|x64.ActiveCfg = Release|Any CPU
		{62DACF72-1EC5-4024-B481-516CE9DBC696}.Release|x64.Build.0 = Release|Any CPU
		{62DACF72-1EC5-4024-B481-516CE9DBC696}.Release|x86.ActiveCfg = Release|Any CPU
		{62DACF72-1EC5-4024-B481-516CE9DBC696}.Release|x86.Build.0 = Release|Any CPU
		{626C2998-32DE-4345-B5A3-6F686E6EC133}.Debug|Any CPU.ActiveCfg = Debug|Any CPU
		{626C2998-32DE-4345-B5A3-6F686E6EC133}.Debug|Any CPU.Build.0 = Debug|Any CPU
		{626C2998-32DE-4345-B5A3-6F686E6EC133}.Debug|x64.ActiveCfg = Debug|Any CPU
		{626C2998-32DE-4345-B5A3-6F686E6EC133}.Debug|x64.Build.0 = Debug|Any CPU
		{626C2998-32DE-4345-B5A3-6F686E6EC133}.Debug|x86.ActiveCfg = Debug|Any CPU
		{626C2998-32DE-4345-B5A3-6F686E6EC133}.Debug|x86.Build.0 = Debug|Any CPU
		{626C2998-32DE-4345-B5A3-6F686E6EC133}.Release|Any CPU.ActiveCfg = Release|Any CPU
		{626C2998-32DE-4345-B5A3-6F686E6EC133}.Release|Any CPU.Build.0 = Release|Any CPU
		{626C2998-32DE-4345-B5A3-6F686E6EC133}.Release|x64.ActiveCfg = Release|Any CPU
		{626C2998-32DE-4345-B5A3-6F686E6EC133}.Release|x64.Build.0 = Release|Any CPU
		{626C2998-32DE-4345-B5A3-6F686E6EC133}.Release|x86.ActiveCfg = Release|Any CPU
		{626C2998-32DE-4345-B5A3-6F686E6EC133}.Release|x86.Build.0 = Release|Any CPU
	EndGlobalSection
	GlobalSection(SolutionProperties) = preSolution
		HideSolutionNode = FALSE
	EndGlobalSection
	GlobalSection(ExtensibilityGlobals) = postSolution
		SolutionGuid = {155D4BC3-5227-4B3A-A752-03EAA08BABA0}
	EndGlobalSection
EndGlobal
